
Microsoft Visual Studio Solution File, Format Version 12.00
# Visual Studio Version 16
VisualStudioVersion = 16.0.30114.105
MinimumVisualStudioVersion = 10.0.40219.1
Project("{FAE04EC0-301F-11D3-BF4B-00C04F79EFBC}") = "API", "API\API.csproj", "{D9D8A0C3-09EE-4C3B-BB8B-34FFB0AB4E8D}"
EndProject
Project("{FAE04EC0-301F-11D3-BF4B-00C04F79EFBC}") = "Application", "Application\Application.csproj", "{65E47888-47D8-4047-AD52-2EECEC4591D2}"
EndProject
Project("{FAE04EC0-301F-11D3-BF4B-00C04F79EFBC}") = "Persistence", "Persistence\Persistence.csproj", "{318E353B-7E52-4FD3-8D79-AD71B241921B}"
EndProject
Project("{FAE04EC0-301F-11D3-BF4B-00C04F79EFBC}") = "Domain", "Domain\Domain.csproj", "{A6C453D8-765E-402D-A114-F0226CF852AD}"
EndProject
Project("{FAE04EC0-301F-11D3-BF4B-00C04F79EFBC}") = "Infrastructure", "Infrastructure\Infrastructure.csproj", "{A5F8D68B-A603-4FDA-8C06-881A706A385D}"
EndProject
Global
	GlobalSection(SolutionConfigurationPlatforms) = preSolution
		Debug|Any CPU = Debug|Any CPU
		Debug|x64 = Debug|x64
		Debug|x86 = Debug|x86
		Release|Any CPU = Release|Any CPU
		Release|x64 = Release|x64
		Release|x86 = Release|x86
	EndGlobalSection
	GlobalSection(SolutionProperties) = preSolution
		HideSolutionNode = FALSE
	EndGlobalSection
	GlobalSection(ProjectConfigurationPlatforms) = postSolution
		{D9D8A0C3-09EE-4C3B-BB8B-34FFB0AB4E8D}.Debug|Any CPU.ActiveCfg = Debug|Any CPU
		{D9D8A0C3-09EE-4C3B-BB8B-34FFB0AB4E8D}.Debug|Any CPU.Build.0 = Debug|Any CPU
		{D9D8A0C3-09EE-4C3B-BB8B-34FFB0AB4E8D}.Debug|x64.ActiveCfg = Debug|Any CPU
		{D9D8A0C3-09EE-4C3B-BB8B-34FFB0AB4E8D}.Debug|x64.Build.0 = Debug|Any CPU
		{D9D8A0C3-09EE-4C3B-BB8B-34FFB0AB4E8D}.Debug|x86.ActiveCfg = Debug|Any CPU
		{D9D8A0C3-09EE-4C3B-BB8B-34FFB0AB4E8D}.Debug|x86.Build.0 = Debug|Any CPU
		{D9D8A0C3-09EE-4C3B-BB8B-34FFB0AB4E8D}.Release|Any CPU.ActiveCfg = Release|Any CPU
		{D9D8A0C3-09EE-4C3B-BB8B-34FFB0AB4E8D}.Release|Any CPU.Build.0 = Release|Any CPU
		{D9D8A0C3-09EE-4C3B-BB8B-34FFB0AB4E8D}.Release|x64.ActiveCfg = Release|Any CPU
		{D9D8A0C3-09EE-4C3B-BB8B-34FFB0AB4E8D}.Release|x64.Build.0 = Release|Any CPU
		{D9D8A0C3-09EE-4C3B-BB8B-34FFB0AB4E8D}.Release|x86.ActiveCfg = Release|Any CPU
		{D9D8A0C3-09EE-4C3B-BB8B-34FFB0AB4E8D}.Release|x86.Build.0 = Release|Any CPU
		{65E47888-47D8-4047-AD52-2EECEC4591D2}.Debug|Any CPU.ActiveCfg = Debug|Any CPU
		{65E47888-47D8-4047-AD52-2EECEC4591D2}.Debug|Any CPU.Build.0 = Debug|Any CPU
		{65E47888-47D8-4047-AD52-2EECEC4591D2}.Debug|x64.ActiveCfg = Debug|Any CPU
		{65E47888-47D8-4047-AD52-2EECEC4591D2}.Debug|x64.Build.0 = Debug|Any CPU
		{65E47888-47D8-4047-AD52-2EECEC4591D2}.Debug|x86.ActiveCfg = Debug|Any CPU
		{65E47888-47D8-4047-AD52-2EECEC4591D2}.Debug|x86.Build.0 = Debug|Any CPU
		{65E47888-47D8-4047-AD52-2EECEC4591D2}.Release|Any CPU.ActiveCfg = Release|Any CPU
		{65E47888-47D8-4047-AD52-2EECEC4591D2}.Release|Any CPU.Build.0 = Release|Any CPU
		{65E47888-47D8-4047-AD52-2EECEC4591D2}.Release|x64.ActiveCfg = Release|Any CPU
		{65E47888-47D8-4047-AD52-2EECEC4591D2}.Release|x64.Build.0 = Release|Any CPU
		{65E47888-47D8-4047-AD52-2EECEC4591D2}.Release|x86.ActiveCfg = Release|Any CPU
		{65E47888-47D8-4047-AD52-2EECEC4591D2}.Release|x86.Build.0 = Release|Any CPU
		{318E353B-7E52-4FD3-8D79-AD71B241921B}.Debug|Any CPU.ActiveCfg = Debug|Any CPU
		{318E353B-7E52-4FD3-8D79-AD71B241921B}.Debug|Any CPU.Build.0 = Debug|Any CPU
		{318E353B-7E52-4FD3-8D79-AD71B241921B}.Debug|x64.ActiveCfg = Debug|Any CPU
		{318E353B-7E52-4FD3-8D79-AD71B241921B}.Debug|x64.Build.0 = Debug|Any CPU
		{318E353B-7E52-4FD3-8D79-AD71B241921B}.Debug|x86.ActiveCfg = Debug|Any CPU
		{318E353B-7E52-4FD3-8D79-AD71B241921B}.Debug|x86.Build.0 = Debug|Any CPU
		{318E353B-7E52-4FD3-8D79-AD71B241921B}.Release|Any CPU.ActiveCfg = Release|Any CPU
		{318E353B-7E52-4FD3-8D79-AD71B241921B}.Release|Any CPU.Build.0 = Release|Any CPU
		{318E353B-7E52-4FD3-8D79-AD71B241921B}.Release|x64.ActiveCfg = Release|Any CPU
		{318E353B-7E52-4FD3-8D79-AD71B241921B}.Release|x64.Build.0 = Release|Any CPU
		{318E353B-7E52-4FD3-8D79-AD71B241921B}.Release|x86.ActiveCfg = Release|Any CPU
		{318E353B-7E52-4FD3-8D79-AD71B241921B}.Release|x86.Build.0 = Release|Any CPU
		{A6C453D8-765E-402D-A114-F0226CF852AD}.Debug|Any CPU.ActiveCfg = Debug|Any CPU
		{A6C453D8-765E-402D-A114-F0226CF852AD}.Debug|Any CPU.Build.0 = Debug|Any CPU
		{A6C453D8-765E-402D-A114-F0226CF852AD}.Debug|x64.ActiveCfg = Debug|Any CPU
		{A6C453D8-765E-402D-A114-F0226CF852AD}.Debug|x64.Build.0 = Debug|Any CPU
		{A6C453D8-765E-402D-A114-F0226CF852AD}.Debug|x86.ActiveCfg = Debug|Any CPU
		{A6C453D8-765E-402D-A114-F0226CF852AD}.Debug|x86.Build.0 = Debug|Any CPU
		{A6C453D8-765E-402D-A114-F0226CF852AD}.Release|Any CPU.ActiveCfg = Release|Any CPU
		{A6C453D8-765E-402D-A114-F0226CF852AD}.Release|Any CPU.Build.0 = Release|Any CPU
		{A6C453D8-765E-402D-A114-F0226CF852AD}.Release|x64.ActiveCfg = Release|Any CPU
		{A6C453D8-765E-402D-A114-F0226CF852AD}.Release|x64.Build.0 = Release|Any CPU
		{A6C453D8-765E-402D-A114-F0226CF852AD}.Release|x86.ActiveCfg = Release|Any CPU
		{A6C453D8-765E-402D-A114-F0226CF852AD}.Release|x86.Build.0 = Release|Any CPU
		{A5F8D68B-A603-4FDA-8C06-881A706A385D}.Debug|Any CPU.ActiveCfg = Debug|Any CPU
		{A5F8D68B-A603-4FDA-8C06-881A706A385D}.Debug|Any CPU.Build.0 = Debug|Any CPU
		{A5F8D68B-A603-4FDA-8C06-881A706A385D}.Debug|x64.ActiveCfg = Debug|Any CPU
		{A5F8D68B-A603-4FDA-8C06-881A706A385D}.Debug|x64.Build.0 = Debug|Any CPU
		{A5F8D68B-A603-4FDA-8C06-881A706A385D}.Debug|x86.ActiveCfg = Debug|Any CPU
		{A5F8D68B-A603-4FDA-8C06-881A706A385D}.Debug|x86.Build.0 = Debug|Any CPU
		{A5F8D68B-A603-4FDA-8C06-881A706A385D}.Release|Any CPU.ActiveCfg = Release|Any CPU
		{A5F8D68B-A603-4FDA-8C06-881A706A385D}.Release|Any CPU.Build.0 = Release|Any CPU
		{A5F8D68B-A603-4FDA-8C06-881A706A385D}.Release|x64.ActiveCfg = Release|Any CPU
		{A5F8D68B-A603-4FDA-8C06-881A706A385D}.Release|x64.Build.0 = Release|Any CPU
		{A5F8D68B-A603-4FDA-8C06-881A706A385D}.Release|x86.ActiveCfg = Release|Any CPU
		{A5F8D68B-A603-4FDA-8C06-881A706A385D}.Release|x86.Build.0 = Release|Any CPU
	EndGlobalSection
EndGlobal
